// !$*UTF8*$!
{
	archiveVersion = 1;
	classes = {
	};
	objectVersion = 60;
	objects = {

/* Begin PBXBuildFile section */
		498B3AB62C7254D500FF6C1E /* interaction.riv in Resources */ = {isa = PBXBuildFile; fileRef = 498B3AB52C7254D500FF6C1E /* interaction.riv */; };
		72D6F7142C63701E00ED5B00 /* Vikas_Raj_YadavApp.swift in Sources */ = {isa = PBXBuildFile; fileRef = 72D6F7132C63701E00ED5B00 /* Vikas_Raj_YadavApp.swift */; };
		72D6F7162C63701E00ED5B00 /* ContentView.swift in Sources */ = {isa = PBXBuildFile; fileRef = 72D6F7152C63701E00ED5B00 /* ContentView.swift */; };
		72D6F7182C63702000ED5B00 /* Assets.xcassets in Resources */ = {isa = PBXBuildFile; fileRef = 72D6F7172C63702000ED5B00 /* Assets.xcassets */; };
		72D6F71B2C63702000ED5B00 /* Preview Assets.xcassets in Resources */ = {isa = PBXBuildFile; fileRef = 72D6F71A2C63702000ED5B00 /* Preview Assets.xcassets */; };
		72D6F7252C63702100ED5B00 /* Vikas_Raj_YadavTests.swift in Sources */ = {isa = PBXBuildFile; fileRef = 72D6F7242C63702100ED5B00 /* Vikas_Raj_YadavTests.swift */; };
		72D6F72F2C63702100ED5B00 /* Vikas_Raj_YadavUITests.swift in Sources */ = {isa = PBXBuildFile; fileRef = 72D6F72E2C63702100ED5B00 /* Vikas_Raj_YadavUITests.swift */; };
		72D6F7312C63702100ED5B00 /* Vikas_Raj_YadavUITestsLaunchTests.swift in Sources */ = {isa = PBXBuildFile; fileRef = 72D6F7302C63702100ED5B00 /* Vikas_Raj_YadavUITestsLaunchTests.swift */; };
		72D6F7412C63794B00ED5B00 /* HomeView.swift in Sources */ = {isa = PBXBuildFile; fileRef = 72D6F7402C63794B00ED5B00 /* HomeView.swift */; };
		72D6F7432C63798A00ED5B00 /* ProjectView.swift in Sources */ = {isa = PBXBuildFile; fileRef = 72D6F7422C63798A00ED5B00 /* ProjectView.swift */; };
		72D6F7452C6379AB00ED5B00 /* Playground.swift in Sources */ = {isa = PBXBuildFile; fileRef = 72D6F7442C6379AB00ED5B00 /* Playground.swift */; };
		72D6F7472C6379BC00ED5B00 /* NotesView.swift in Sources */ = {isa = PBXBuildFile; fileRef = 72D6F7462C6379BC00ED5B00 /* NotesView.swift */; };
		72D6F74E2C6382F100ED5B00 /* RiveRuntime in Frameworks */ = {isa = PBXBuildFile; productRef = 72D6F74D2C6382F100ED5B00 /* RiveRuntime */; };
/* End PBXBuildFile section */

/* Begin PBXContainerItemProxy section */
		72D6F7212C63702100ED5B00 /* PBXContainerItemProxy */ = {
			isa = PBXContainerItemProxy;
			containerPortal = 72D6F7082C63701E00ED5B00 /* Project object */;
			proxyType = 1;
			remoteGlobalIDString = 72D6F70F2C63701E00ED5B00;
			remoteInfo = "Vikas Raj Yadav";
		};
		72D6F72B2C63702100ED5B00 /* PBXContainerItemProxy */ = {
			isa = PBXContainerItemProxy;
			containerPortal = 72D6F7082C63701E00ED5B00 /* Project object */;
			proxyType = 1;
			remoteGlobalIDString = 72D6F70F2C63701E00ED5B00;
			remoteInfo = "Vikas Raj Yadav";
		};
/* End PBXContainerItemProxy section */

/* Begin PBXFileReference section */
		498B3AB52C7254D500FF6C1E /* interaction.riv */ = {isa = PBXFileReference; lastKnownFileType = file; path = interaction.riv; sourceTree = "<group>"; };
		72D6F7102C63701E00ED5B00 /* Vikas Raj Yadav.app */ = {isa = PBXFileReference; explicitFileType = wrapper.application; includeInIndex = 0; path = "Vikas Raj Yadav.app"; sourceTree = BUILT_PRODUCTS_DIR; };
		72D6F7132C63701E00ED5B00 /* Vikas_Raj_YadavApp.swift */ = {isa = PBXFileReference; lastKnownFileType = sourcecode.swift; path = Vikas_Raj_YadavApp.swift; sourceTree = "<group>"; };
		72D6F7152C63701E00ED5B00 /* ContentView.swift */ = {isa = PBXFileReference; lastKnownFileType = sourcecode.swift; path = ContentView.swift; sourceTree = "<group>"; };
		72D6F7172C63702000ED5B00 /* Assets.xcassets */ = {isa = PBXFileReference; lastKnownFileType = folder.assetcatalog; path = Assets.xcassets; sourceTree = "<group>"; };
		72D6F71A2C63702000ED5B00 /* Preview Assets.xcassets */ = {isa = PBXFileReference; lastKnownFileType = folder.assetcatalog; path = "Preview Assets.xcassets"; sourceTree = "<group>"; };
		72D6F7202C63702100ED5B00 /* Vikas Raj YadavTests.xctest */ = {isa = PBXFileReference; explicitFileType = wrapper.cfbundle; includeInIndex = 0; path = "Vikas Raj YadavTests.xctest"; sourceTree = BUILT_PRODUCTS_DIR; };
		72D6F7242C63702100ED5B00 /* Vikas_Raj_YadavTests.swift */ = {isa = PBXFileReference; lastKnownFileType = sourcecode.swift; path = Vikas_Raj_YadavTests.swift; sourceTree = "<group>"; };
		72D6F72A2C63702100ED5B00 /* Vikas Raj YadavUITests.xctest */ = {isa = PBXFileReference; explicitFileType = wrapper.cfbundle; includeInIndex = 0; path = "Vikas Raj YadavUITests.xctest"; sourceTree = BUILT_PRODUCTS_DIR; };
		72D6F72E2C63702100ED5B00 /* Vikas_Raj_YadavUITests.swift */ = {isa = PBXFileReference; lastKnownFileType = sourcecode.swift; path = Vikas_Raj_YadavUITests.swift; sourceTree = "<group>"; };
		72D6F7302C63702100ED5B00 /* Vikas_Raj_YadavUITestsLaunchTests.swift */ = {isa = PBXFileReference; lastKnownFileType = sourcecode.swift; path = Vikas_Raj_YadavUITestsLaunchTests.swift; sourceTree = "<group>"; };
		72D6F7402C63794B00ED5B00 /* HomeView.swift */ = {isa = PBXFileReference; lastKnownFileType = sourcecode.swift; path = HomeView.swift; sourceTree = "<group>"; };
		72D6F7422C63798A00ED5B00 /* ProjectView.swift */ = {isa = PBXFileReference; lastKnownFileType = sourcecode.swift; path = ProjectView.swift; sourceTree = "<group>"; };
		72D6F7442C6379AB00ED5B00 /* Playground.swift */ = {isa = PBXFileReference; lastKnownFileType = sourcecode.swift; path = Playground.swift; sourceTree = "<group>"; };
		72D6F7462C6379BC00ED5B00 /* NotesView.swift */ = {isa = PBXFileReference; lastKnownFileType = sourcecode.swift; path = NotesView.swift; sourceTree = "<group>"; };
/* End PBXFileReference section */

/* Begin PBXFrameworksBuildPhase section */
		72D6F70D2C63701E00ED5B00 /* Frameworks */ = {
			isa = PBXFrameworksBuildPhase;
			buildActionMask = 2147483647;
			files = (
				72D6F74E2C6382F100ED5B00 /* RiveRuntime in Frameworks */,
			);
			runOnlyForDeploymentPostprocessing = 0;
		};
		72D6F71D2C63702100ED5B00 /* Frameworks */ = {
			isa = PBXFrameworksBuildPhase;
			buildActionMask = 2147483647;
			files = (
			);
			runOnlyForDeploymentPostprocessing = 0;
		};
		72D6F7272C63702100ED5B00 /* Frameworks */ = {
			isa = PBXFrameworksBuildPhase;
			buildActionMask = 2147483647;
			files = (
			);
			runOnlyForDeploymentPostprocessing = 0;
		};
/* End PBXFrameworksBuildPhase section */

/* Begin PBXGroup section */
		72D6F7072C63701E00ED5B00 = {
			isa = PBXGroup;
			children = (
				72D6F7122C63701E00ED5B00 /* Vikas Raj Yadav */,
				72D6F7232C63702100ED5B00 /* Vikas Raj YadavTests */,
				72D6F72D2C63702100ED5B00 /* Vikas Raj YadavUITests */,
				72D6F7112C63701E00ED5B00 /* Products */,
			);
			sourceTree = "<group>";
		};
		72D6F7112C63701E00ED5B00 /* Products */ = {
			isa = PBXGroup;
			children = (
				72D6F7102C63701E00ED5B00 /* Vikas Raj Yadav.app */,
				72D6F7202C63702100ED5B00 /* Vikas Raj YadavTests.xctest */,
				72D6F72A2C63702100ED5B00 /* Vikas Raj YadavUITests.xctest */,
			);
			name = Products;
			sourceTree = "<group>";
		};
		72D6F7122C63701E00ED5B00 /* Vikas Raj Yadav */ = {
			isa = PBXGroup;
			children = (
				72D6F7522C63883E00ED5B00 /* icons */,
				72D6F74F2C63836700ED5B00 /* rive */,
				72D6F74B2C637FF100ED5B00 /* spacers */,
				72D6F7492C637FDA00ED5B00 /* type system */,
				72D6F7482C637FC700ED5B00 /* color system */,
				72D6F7132C63701E00ED5B00 /* Vikas_Raj_YadavApp.swift */,
				72D6F7152C63701E00ED5B00 /* ContentView.swift */,
				72D6F73D2C63792900ED5B00 /* views */,
				72D6F7172C63702000ED5B00 /* Assets.xcassets */,
				72D6F7192C63702000ED5B00 /* Preview Content */,
			);
			path = "Vikas Raj Yadav";
			sourceTree = "<group>";
		};
		72D6F7192C63702000ED5B00 /* Preview Content */ = {
			isa = PBXGroup;
			children = (
				72D6F71A2C63702000ED5B00 /* Preview Assets.xcassets */,
			);
			path = "Preview Content";
			sourceTree = "<group>";
		};
		72D6F7232C63702100ED5B00 /* Vikas Raj YadavTests */ = {
			isa = PBXGroup;
			children = (
				72D6F7242C63702100ED5B00 /* Vikas_Raj_YadavTests.swift */,
			);
			path = "Vikas Raj YadavTests";
			sourceTree = "<group>";
		};
		72D6F72D2C63702100ED5B00 /* Vikas Raj YadavUITests */ = {
			isa = PBXGroup;
			children = (
				72D6F72E2C63702100ED5B00 /* Vikas_Raj_YadavUITests.swift */,
				72D6F7302C63702100ED5B00 /* Vikas_Raj_YadavUITestsLaunchTests.swift */,
			);
			path = "Vikas Raj YadavUITests";
			sourceTree = "<group>";
		};
		72D6F73D2C63792900ED5B00 /* views */ = {
			isa = PBXGroup;
			children = (
				72D6F7402C63794B00ED5B00 /* HomeView.swift */,
				72D6F7422C63798A00ED5B00 /* ProjectView.swift */,
				72D6F7442C6379AB00ED5B00 /* Playground.swift */,
				72D6F7462C6379BC00ED5B00 /* NotesView.swift */,
			);
			path = views;
			sourceTree = "<group>";
		};
		72D6F7482C637FC700ED5B00 /* color system */ = {
			isa = PBXGroup;
			children = (
			);
			path = "color system";
			sourceTree = "<group>";
		};
		72D6F7492C637FDA00ED5B00 /* type system */ = {
			isa = PBXGroup;
			children = (
			);
			path = "type system";
			sourceTree = "<group>";
		};
		72D6F74B2C637FF100ED5B00 /* spacers */ = {
			isa = PBXGroup;
			children = (
			);
			path = spacers;
			sourceTree = "<group>";
		};
		72D6F74F2C63836700ED5B00 /* rive */ = {
			isa = PBXGroup;
			children = (
				498B3AB52C7254D500FF6C1E /* interaction.riv */,
			);
			path = rive;
			sourceTree = "<group>";
		};
		72D6F7522C63883E00ED5B00 /* icons */ = {
			isa = PBXGroup;
			children = (
			);
			path = icons;
			sourceTree = "<group>";
		};
/* End PBXGroup section */

/* Begin PBXNativeTarget section */
		72D6F70F2C63701E00ED5B00 /* Vikas Raj Yadav */ = {
			isa = PBXNativeTarget;
			buildConfigurationList = 72D6F7342C63702100ED5B00 /* Build configuration list for PBXNativeTarget "Vikas Raj Yadav" */;
			buildPhases = (
				72D6F70C2C63701E00ED5B00 /* Sources */,
				72D6F70D2C63701E00ED5B00 /* Frameworks */,
				72D6F70E2C63701E00ED5B00 /* Resources */,
			);
			buildRules = (
			);
			dependencies = (
			);
			name = "Vikas Raj Yadav";
			packageProductDependencies = (
				72D6F74D2C6382F100ED5B00 /* RiveRuntime */,
			);
			productName = "Vikas Raj Yadav";
			productReference = 72D6F7102C63701E00ED5B00 /* Vikas Raj Yadav.app */;
			productType = "com.apple.product-type.application";
		};
		72D6F71F2C63702100ED5B00 /* Vikas Raj YadavTests */ = {
			isa = PBXNativeTarget;
			buildConfigurationList = 72D6F7372C63702100ED5B00 /* Build configuration list for PBXNativeTarget "Vikas Raj YadavTests" */;
			buildPhases = (
				72D6F71C2C63702100ED5B00 /* Sources */,
				72D6F71D2C63702100ED5B00 /* Frameworks */,
				72D6F71E2C63702100ED5B00 /* Resources */,
			);
			buildRules = (
			);
			dependencies = (
				72D6F7222C63702100ED5B00 /* PBXTargetDependency */,
			);
			name = "Vikas Raj YadavTests";
			productName = "Vikas Raj YadavTests";
			productReference = 72D6F7202C63702100ED5B00 /* Vikas Raj YadavTests.xctest */;
			productType = "com.apple.product-type.bundle.unit-test";
		};
		72D6F7292C63702100ED5B00 /* Vikas Raj YadavUITests */ = {
			isa = PBXNativeTarget;
			buildConfigurationList = 72D6F73A2C63702100ED5B00 /* Build configuration list for PBXNativeTarget "Vikas Raj YadavUITests" */;
			buildPhases = (
				72D6F7262C63702100ED5B00 /* Sources */,
				72D6F7272C63702100ED5B00 /* Frameworks */,
				72D6F7282C63702100ED5B00 /* Resources */,
			);
			buildRules = (
			);
			dependencies = (
				72D6F72C2C63702100ED5B00 /* PBXTargetDependency */,
			);
			name = "Vikas Raj YadavUITests";
			productName = "Vikas Raj YadavUITests";
			productReference = 72D6F72A2C63702100ED5B00 /* Vikas Raj YadavUITests.xctest */;
			productType = "com.apple.product-type.bundle.ui-testing";
		};
/* End PBXNativeTarget section */

/* Begin PBXProject section */
		72D6F7082C63701E00ED5B00 /* Project object */ = {
			isa = PBXProject;
			attributes = {
				BuildIndependentTargetsInParallel = 1;
				LastSwiftUpdateCheck = 1600;
				LastUpgradeCheck = 1600;
				TargetAttributes = {
					72D6F70F2C63701E00ED5B00 = {
						CreatedOnToolsVersion = 16.0;
					};
					72D6F71F2C63702100ED5B00 = {
						CreatedOnToolsVersion = 16.0;
						TestTargetID = 72D6F70F2C63701E00ED5B00;
					};
					72D6F7292C63702100ED5B00 = {
						CreatedOnToolsVersion = 16.0;
						TestTargetID = 72D6F70F2C63701E00ED5B00;
					};
				};
			};
			buildConfigurationList = 72D6F70B2C63701E00ED5B00 /* Build configuration list for PBXProject "Vikas Raj Yadav" */;
			compatibilityVersion = "Xcode 15.0";
			developmentRegion = en;
			hasScannedForEncodings = 0;
			knownRegions = (
				en,
				Base,
			);
			mainGroup = 72D6F7072C63701E00ED5B00;
			packageReferences = (
				72D6F74C2C6382F100ED5B00 /* XCRemoteSwiftPackageReference "rive-ios" */,
			);
			productRefGroup = 72D6F7112C63701E00ED5B00 /* Products */;
			projectDirPath = "";
			projectRoot = "";
			targets = (
				72D6F70F2C63701E00ED5B00 /* Vikas Raj Yadav */,
				72D6F71F2C63702100ED5B00 /* Vikas Raj YadavTests */,
				72D6F7292C63702100ED5B00 /* Vikas Raj YadavUITests */,
			);
		};
/* End PBXProject section */

/* Begin PBXResourcesBuildPhase section */
		72D6F70E2C63701E00ED5B00 /* Resources */ = {
			isa = PBXResourcesBuildPhase;
			buildActionMask = 2147483647;
			files = (
				72D6F71B2C63702000ED5B00 /* Preview Assets.xcassets in Resources */,
				498B3AB62C7254D500FF6C1E /* interaction.riv in Resources */,
				72D6F7182C63702000ED5B00 /* Assets.xcassets in Resources */,
			);
			runOnlyForDeploymentPostprocessing = 0;
		};
		72D6F71E2C63702100ED5B00 /* Resources */ = {
			isa = PBXResourcesBuildPhase;
			buildActionMask = 2147483647;
			files = (
			);
			runOnlyForDeploymentPostprocessing = 0;
		};
		72D6F7282C63702100ED5B00 /* Resources */ = {
			isa = PBXResourcesBuildPhase;
			buildActionMask = 2147483647;
			files = (
			);
			runOnlyForDeploymentPostprocessing = 0;
		};
/* End PBXResourcesBuildPhase section */

/* Begin PBXSourcesBuildPhase section */
		72D6F70C2C63701E00ED5B00 /* Sources */ = {
			isa = PBXSourcesBuildPhase;
			buildActionMask = 2147483647;
			files = (
				72D6F7412C63794B00ED5B00 /* HomeView.swift in Sources */,
				72D6F7452C6379AB00ED5B00 /* Playground.swift in Sources */,
				72D6F7472C6379BC00ED5B00 /* NotesView.swift in Sources */,
				72D6F7162C63701E00ED5B00 /* ContentView.swift in Sources */,
				72D6F7432C63798A00ED5B00 /* ProjectView.swift in Sources */,
				72D6F7142C63701E00ED5B00 /* Vikas_Raj_YadavApp.swift in Sources */,
			);
			runOnlyForDeploymentPostprocessing = 0;
		};
		72D6F71C2C63702100ED5B00 /* Sources */ = {
			isa = PBXSourcesBuildPhase;
			buildActionMask = 2147483647;
			files = (
				72D6F7252C63702100ED5B00 /* Vikas_Raj_YadavTests.swift in Sources */,
			);
			runOnlyForDeploymentPostprocessing = 0;
		};
		72D6F7262C63702100ED5B00 /* Sources */ = {
			isa = PBXSourcesBuildPhase;
			buildActionMask = 2147483647;
			files = (
				72D6F72F2C63702100ED5B00 /* Vikas_Raj_YadavUITests.swift in Sources */,
				72D6F7312C63702100ED5B00 /* Vikas_Raj_YadavUITestsLaunchTests.swift in Sources */,
			);
			runOnlyForDeploymentPostprocessing = 0;
		};
/* End PBXSourcesBuildPhase section */

/* Begin PBXTargetDependency section */
		72D6F7222C63702100ED5B00 /* PBXTargetDependency */ = {
			isa = PBXTargetDependency;
			target = 72D6F70F2C63701E00ED5B00 /* Vikas Raj Yadav */;
			targetProxy = 72D6F7212C63702100ED5B00 /* PBXContainerItemProxy */;
		};
		72D6F72C2C63702100ED5B00 /* PBXTargetDependency */ = {
			isa = PBXTargetDependency;
			target = 72D6F70F2C63701E00ED5B00 /* Vikas Raj Yadav */;
			targetProxy = 72D6F72B2C63702100ED5B00 /* PBXContainerItemProxy */;
		};
/* End PBXTargetDependency section */

/* Begin XCBuildConfiguration section */
		72D6F7322C63702100ED5B00 /* Debug */ = {
			isa = XCBuildConfiguration;
			buildSettings = {
				ALWAYS_SEARCH_USER_PATHS = NO;
				ASSETCATALOG_COMPILER_GENERATE_SWIFT_ASSET_SYMBOL_EXTENSIONS = YES;
				CLANG_ANALYZER_NONNULL = YES;
				CLANG_ANALYZER_NUMBER_OBJECT_CONVERSION = YES_AGGRESSIVE;
				CLANG_CXX_LANGUAGE_STANDARD = "gnu++20";
				CLANG_ENABLE_MODULES = YES;
				CLANG_ENABLE_OBJC_ARC = YES;
				CLANG_ENABLE_OBJC_WEAK = YES;
				CLANG_WARN_BLOCK_CAPTURE_AUTORELEASING = YES;
				CLANG_WARN_BOOL_CONVERSION = YES;
				CLANG_WARN_COMMA = YES;
				CLANG_WARN_CONSTANT_CONVERSION = YES;
				CLANG_WARN_DEPRECATED_OBJC_IMPLEMENTATIONS = YES;
				CLANG_WARN_DIRECT_OBJC_ISA_USAGE = YES_ERROR;
				CLANG_WARN_DOCUMENTATION_COMMENTS = YES;
				CLANG_WARN_EMPTY_BODY = YES;
				CLANG_WARN_ENUM_CONVERSION = YES;
				CLANG_WARN_INFINITE_RECURSION = YES;
				CLANG_WARN_INT_CONVERSION = YES;
				CLANG_WARN_NON_LITERAL_NULL_CONVERSION = YES;
				CLANG_WARN_OBJC_IMPLICIT_RETAIN_SELF = YES;
				CLANG_WARN_OBJC_LITERAL_CONVERSION = YES;
				CLANG_WARN_OBJC_ROOT_CLASS = YES_ERROR;
				CLANG_WARN_QUOTED_INCLUDE_IN_FRAMEWORK_HEADER = YES;
				CLANG_WARN_RANGE_LOOP_ANALYSIS = YES;
				CLANG_WARN_STRICT_PROTOTYPES = YES;
				CLANG_WARN_SUSPICIOUS_MOVE = YES;
				CLANG_WARN_UNGUARDED_AVAILABILITY = YES_AGGRESSIVE;
				CLANG_WARN_UNREACHABLE_CODE = YES;
				CLANG_WARN__DUPLICATE_METHOD_MATCH = YES;
				COPY_PHASE_STRIP = NO;
				DEBUG_INFORMATION_FORMAT = dwarf;
				ENABLE_STRICT_OBJC_MSGSEND = YES;
				ENABLE_TESTABILITY = YES;
				ENABLE_USER_SCRIPT_SANDBOXING = YES;
				GCC_C_LANGUAGE_STANDARD = gnu17;
				GCC_DYNAMIC_NO_PIC = NO;
				GCC_NO_COMMON_BLOCKS = YES;
				GCC_OPTIMIZATION_LEVEL = 0;
				GCC_PREPROCESSOR_DEFINITIONS = (
					"DEBUG=1",
					"$(inherited)",
				);
				GCC_WARN_64_TO_32_BIT_CONVERSION = YES;
				GCC_WARN_ABOUT_RETURN_TYPE = YES_ERROR;
				GCC_WARN_UNDECLARED_SELECTOR = YES;
				GCC_WARN_UNINITIALIZED_AUTOS = YES_AGGRESSIVE;
				GCC_WARN_UNUSED_FUNCTION = YES;
				GCC_WARN_UNUSED_VARIABLE = YES;
				IPHONEOS_DEPLOYMENT_TARGET = 18.0;
				LOCALIZATION_PREFERS_STRING_CATALOGS = YES;
				MTL_ENABLE_DEBUG_INFO = INCLUDE_SOURCE;
				MTL_FAST_MATH = YES;
				ONLY_ACTIVE_ARCH = YES;
				SDKROOT = iphoneos;
				SWIFT_ACTIVE_COMPILATION_CONDITIONS = "DEBUG $(inherited)";
				SWIFT_OPTIMIZATION_LEVEL = "-Onone";
			};
			name = Debug;
		};
		72D6F7332C63702100ED5B00 /* Release */ = {
			isa = XCBuildConfiguration;
			buildSettings = {
				ALWAYS_SEARCH_USER_PATHS = NO;
				ASSETCATALOG_COMPILER_GENERATE_SWIFT_ASSET_SYMBOL_EXTENSIONS = YES;
				CLANG_ANALYZER_NONNULL = YES;
				CLANG_ANALYZER_NUMBER_OBJECT_CONVERSION = YES_AGGRESSIVE;
				CLANG_CXX_LANGUAGE_STANDARD = "gnu++20";
				CLANG_ENABLE_MODULES = YES;
				CLANG_ENABLE_OBJC_ARC = YES;
				CLANG_ENABLE_OBJC_WEAK = YES;
				CLANG_WARN_BLOCK_CAPTURE_AUTORELEASING = YES;
				CLANG_WARN_BOOL_CONVERSION = YES;
				CLANG_WARN_COMMA = YES;
				CLANG_WARN_CONSTANT_CONVERSION = YES;
				CLANG_WARN_DEPRECATED_OBJC_IMPLEMENTATIONS = YES;
				CLANG_WARN_DIRECT_OBJC_ISA_USAGE = YES_ERROR;
				CLANG_WARN_DOCUMENTATION_COMMENTS = YES;
				CLANG_WARN_EMPTY_BODY = YES;
				CLANG_WARN_ENUM_CONVERSION = YES;
				CLANG_WARN_INFINITE_RECURSION = YES;
				CLANG_WARN_INT_CONVERSION = YES;
				CLANG_WARN_NON_LITERAL_NULL_CONVERSION = YES;
				CLANG_WARN_OBJC_IMPLICIT_RETAIN_SELF = YES;
				CLANG_WARN_OBJC_LITERAL_CONVERSION = YES;
				CLANG_WARN_OBJC_ROOT_CLASS = YES_ERROR;
				CLANG_WARN_QUOTED_INCLUDE_IN_FRAMEWORK_HEADER = YES;
				CLANG_WARN_RANGE_LOOP_ANALYSIS = YES;
				CLANG_WARN_STRICT_PROTOTYPES = YES;
				CLANG_WARN_SUSPICIOUS_MOVE = YES;
				CLANG_WARN_UNGUARDED_AVAILABILITY = YES_AGGRESSIVE;
				CLANG_WARN_UNREACHABLE_CODE = YES;
				CLANG_WARN__DUPLICATE_METHOD_MATCH = YES;
				COPY_PHASE_STRIP = NO;
				DEBUG_INFORMATION_FORMAT = "dwarf-with-dsym";
				ENABLE_NS_ASSERTIONS = NO;
				ENABLE_STRICT_OBJC_MSGSEND = YES;
				ENABLE_USER_SCRIPT_SANDBOXING = YES;
				GCC_C_LANGUAGE_STANDARD = gnu17;
				GCC_NO_COMMON_BLOCKS = YES;
				GCC_WARN_64_TO_32_BIT_CONVERSION = YES;
				GCC_WARN_ABOUT_RETURN_TYPE = YES_ERROR;
				GCC_WARN_UNDECLARED_SELECTOR = YES;
				GCC_WARN_UNINITIALIZED_AUTOS = YES_AGGRESSIVE;
				GCC_WARN_UNUSED_FUNCTION = YES;
				GCC_WARN_UNUSED_VARIABLE = YES;
				IPHONEOS_DEPLOYMENT_TARGET = 18.0;
				LOCALIZATION_PREFERS_STRING_CATALOGS = YES;
				MTL_ENABLE_DEBUG_INFO = NO;
				MTL_FAST_MATH = YES;
				SDKROOT = iphoneos;
				SWIFT_COMPILATION_MODE = wholemodule;
				VALIDATE_PRODUCT = YES;
			};
			name = Release;
		};
		72D6F7352C63702100ED5B00 /* Debug */ = {
			isa = XCBuildConfiguration;
			buildSettings = {
				ASSETCATALOG_COMPILER_APPICON_NAME = AppIcon;
				ASSETCATALOG_COMPILER_GLOBAL_ACCENT_COLOR_NAME = AccentColor;
				CODE_SIGN_STYLE = Automatic;
				CURRENT_PROJECT_VERSION = 1;
				DEVELOPMENT_ASSET_PATHS = "\"Vikas Raj Yadav/Preview Content\"";
				DEVELOPMENT_TEAM = 63SM7D7UXW;
				ENABLE_PREVIEWS = YES;
				GENERATE_INFOPLIST_FILE = YES;
				INFOPLIST_KEY_UIApplicationSceneManifest_Generation = YES;
				INFOPLIST_KEY_UIApplicationSupportsIndirectInputEvents = YES;
				INFOPLIST_KEY_UILaunchScreen_Generation = YES;
				INFOPLIST_KEY_UISupportedInterfaceOrientations_iPad = "UIInterfaceOrientationPortrait UIInterfaceOrientationPortraitUpsideDown UIInterfaceOrientationLandscapeLeft UIInterfaceOrientationLandscapeRight";
				INFOPLIST_KEY_UISupportedInterfaceOrientations_iPhone = "UIInterfaceOrientationPortrait UIInterfaceOrientationLandscapeLeft UIInterfaceOrientationLandscapeRight";
				LD_RUNPATH_SEARCH_PATHS = (
					"$(inherited)",
					"@executable_path/Frameworks",
				);
				MARKETING_VERSION = 1.0;
				PRODUCT_BUNDLE_IDENTIFIER = "vry.Vikas-Raj-Yadav";
				PRODUCT_NAME = "$(TARGET_NAME)";
				SWIFT_EMIT_LOC_STRINGS = YES;
				SWIFT_VERSION = 5.0;
				TARGETED_DEVICE_FAMILY = "1,2";
			};
			name = Debug;
		};
		72D6F7362C63702100ED5B00 /* Release */ = {
			isa = XCBuildConfiguration;
			buildSettings = {
				ASSETCATALOG_COMPILER_APPICON_NAME = AppIcon;
				ASSETCATALOG_COMPILER_GLOBAL_ACCENT_COLOR_NAME = AccentColor;
				CODE_SIGN_STYLE = Automatic;
				CURRENT_PROJECT_VERSION = 1;
				DEVELOPMENT_ASSET_PATHS = "\"Vikas Raj Yadav/Preview Content\"";
				DEVELOPMENT_TEAM = 63SM7D7UXW;
				ENABLE_PREVIEWS = YES;
				GENERATE_INFOPLIST_FILE = YES;
				INFOPLIST_KEY_UIApplicationSceneManifest_Generation = YES;
				INFOPLIST_KEY_UIApplicationSupportsIndirectInputEvents = YES;
				INFOPLIST_KEY_UILaunchScreen_Generation = YES;
				INFOPLIST_KEY_UISupportedInterfaceOrientations_iPad = "UIInterfaceOrientationPortrait UIInterfaceOrientationPortraitUpsideDown UIInterfaceOrientationLandscapeLeft UIInterfaceOrientationLandscapeRight";
				INFOPLIST_KEY_UISupportedInterfaceOrientations_iPhone = "UIInterfaceOrientationPortrait UIInterfaceOrientationLandscapeLeft UIInterfaceOrientationLandscapeRight";
				LD_RUNPATH_SEARCH_PATHS = (
					"$(inherited)",
					"@executable_path/Frameworks",
				);
				MARKETING_VERSION = 1.0;
				PRODUCT_BUNDLE_IDENTIFIER = "vry.Vikas-Raj-Yadav";
				PRODUCT_NAME = "$(TARGET_NAME)";
				SWIFT_EMIT_LOC_STRINGS = YES;
				SWIFT_VERSION = 5.0;
				TARGETED_DEVICE_FAMILY = "1,2";
			};
			name = Release;
		};
		72D6F7382C63702100ED5B00 /* Debug */ = {
			isa = XCBuildConfiguration;
			buildSettings = {
				BUNDLE_LOADER = "$(TEST_HOST)";
				CODE_SIGN_STYLE = Automatic;
				CURRENT_PROJECT_VERSION = 1;
				DEVELOPMENT_TEAM = 63SM7D7UXW;
				GENERATE_INFOPLIST_FILE = YES;
				IPHONEOS_DEPLOYMENT_TARGET = 18.0;
				MARKETING_VERSION = 1.0;
				PRODUCT_BUNDLE_IDENTIFIER = "vry.Vikas-Raj-YadavTests";
				PRODUCT_NAME = "$(TARGET_NAME)";
				SWIFT_EMIT_LOC_STRINGS = NO;
				SWIFT_VERSION = 5.0;
				TARGETED_DEVICE_FAMILY = "1,2";
				TEST_HOST = "$(BUILT_PRODUCTS_DIR)/Vikas Raj Yadav.app/$(BUNDLE_EXECUTABLE_FOLDER_PATH)/Vikas Raj Yadav";
			};
			name = Debug;
		};
		72D6F7392C63702100ED5B00 /* Release */ = {
			isa = XCBuildConfiguration;
			buildSettings = {
				BUNDLE_LOADER = "$(TEST_HOST)";
				CODE_SIGN_STYLE = Automatic;
				CURRENT_PROJECT_VERSION = 1;
				DEVELOPMENT_TEAM = 63SM7D7UXW;
				GENERATE_INFOPLIST_FILE = YES;
				IPHONEOS_DEPLOYMENT_TARGET = 18.0;
				MARKETING_VERSION = 1.0;
				PRODUCT_BUNDLE_IDENTIFIER = "vry.Vikas-Raj-YadavTests";
				PRODUCT_NAME = "$(TARGET_NAME)";
				SWIFT_EMIT_LOC_STRINGS = NO;
				SWIFT_VERSION = 5.0;
				TARGETED_DEVICE_FAMILY = "1,2";
				TEST_HOST = "$(BUILT_PRODUCTS_DIR)/Vikas Raj Yadav.app/$(BUNDLE_EXECUTABLE_FOLDER_PATH)/Vikas Raj Yadav";
			};
			name = Release;
		};
		72D6F73B2C63702100ED5B00 /* Debug */ = {
			isa = XCBuildConfiguration;
			buildSettings = {
				CODE_SIGN_STYLE = Automatic;
				CURRENT_PROJECT_VERSION = 1;
				DEVELOPMENT_TEAM = 63SM7D7UXW;
				GENERATE_INFOPLIST_FILE = YES;
				MARKETING_VERSION = 1.0;
				PRODUCT_BUNDLE_IDENTIFIER = "vry.Vikas-Raj-YadavUITests";
				PRODUCT_NAME = "$(TARGET_NAME)";
				SWIFT_EMIT_LOC_STRINGS = NO;
				SWIFT_VERSION = 5.0;
				TARGETED_DEVICE_FAMILY = "1,2";
				TEST_TARGET_NAME = "Vikas Raj Yadav";
			};
			name = Debug;
		};
		72D6F73C2C63702100ED5B00 /* Release */ = {
			isa = XCBuildConfiguration;
			buildSettings = {
				CODE_SIGN_STYLE = Automatic;
				CURRENT_PROJECT_VERSION = 1;
				DEVELOPMENT_TEAM = 63SM7D7UXW;
				GENERATE_INFOPLIST_FILE = YES;
				MARKETING_VERSION = 1.0;
				PRODUCT_BUNDLE_IDENTIFIER = "vry.Vikas-Raj-YadavUITests";
				PRODUCT_NAME = "$(TARGET_NAME)";
				SWIFT_EMIT_LOC_STRINGS = NO;
				SWIFT_VERSION = 5.0;
				TARGETED_DEVICE_FAMILY = "1,2";
				TEST_TARGET_NAME = "Vikas Raj Yadav";
			};
			name = Release;
		};
/* End XCBuildConfiguration section */

/* Begin XCConfigurationList section */
		72D6F70B2C63701E00ED5B00 /* Build configuration list for PBXProject "Vikas Raj Yadav" */ = {
			isa = XCConfigurationList;
			buildConfigurations = (
				72D6F7322C63702100ED5B00 /* Debug */,
				72D6F7332C63702100ED5B00 /* Release */,
			);
			defaultConfigurationIsVisible = 0;
			defaultConfigurationName = Release;
		};
		72D6F7342C63702100ED5B00 /* Build configuration list for PBXNativeTarget "Vikas Raj Yadav" */ = {
			isa = XCConfigurationList;
			buildConfigurations = (
				72D6F7352C63702100ED5B00 /* Debug */,
				72D6F7362C63702100ED5B00 /* Release */,
			);
			defaultConfigurationIsVisible = 0;
			defaultConfigurationName = Release;
		};
		72D6F7372C63702100ED5B00 /* Build configuration list for PBXNativeTarget "Vikas Raj YadavTests" */ = {
			isa = XCConfigurationList;
			buildConfigurations = (
				72D6F7382C63702100ED5B00 /* Debug */,
				72D6F7392C63702100ED5B00 /* Release */,
			);
			defaultConfigurationIsVisible = 0;
			defaultConfigurationName = Release;
		};
		72D6F73A2C63702100ED5B00 /* Build configuration list for PBXNativeTarget "Vikas Raj YadavUITests" */ = {
			isa = XCConfigurationList;
			buildConfigurations = (
				72D6F73B2C63702100ED5B00 /* Debug */,
				72D6F73C2C63702100ED5B00 /* Release */,
			);
			defaultConfigurationIsVisible = 0;
			defaultConfigurationName = Release;
		};
/* End XCConfigurationList section */

/* Begin XCRemoteSwiftPackageReference section */
		72D6F74C2C6382F100ED5B00 /* XCRemoteSwiftPackageReference "rive-ios" */ = {
			isa = XCRemoteSwiftPackageReference;
			repositoryURL = "https://github.com/rive-app/rive-ios";
			requirement = {
				kind = upToNextMajorVersion;
				minimumVersion = 6.0.0;
			};
		};
/* End XCRemoteSwiftPackageReference section */

/* Begin XCSwiftPackageProductDependency section */
		72D6F74D2C6382F100ED5B00 /* RiveRuntime */ = {
			isa = XCSwiftPackageProductDependency;
			package = 72D6F74C2C6382F100ED5B00 /* XCRemoteSwiftPackageReference "rive-ios" */;
			productName = RiveRuntime;
		};
/* End XCSwiftPackageProductDependency section */
	};
	rootObject = 72D6F7082C63701E00ED5B00 /* Project object */;
}
